
Microsoft Visual Studio Solution File, Format Version 12.00
# Visual Studio Version 17
VisualStudioVersion = 17.11.35327.3
MinimumVisualStudioVersion = 10.0.40219.1
Project("{9A19103F-16F7-4668-BE54-9A1E7A4F7556}") = "SupermarketWEB", "SupermarketWEB\SupermarketWEB.csproj", "{A6379D0E-F89E-4386-8D7C-4FAEFE2B3114}"
EndProject
Global
	GlobalSection(SolutionConfigurationPlatforms) = preSolution
		Debug|Any CPU = Debug|Any CPU
		Release|Any CPU = Release|Any CPU
	EndGlobalSection
	GlobalSection(ProjectConfigurationPlatforms) = postSolution
		{A6379D0E-F89E-4386-8D7C-4FAEFE2B3114}.Debug|Any CPU.ActiveCfg = Debug|Any CPU
		{A6379D0E-F89E-4386-8D7C-4FAEFE2B3114}.Debug|Any CPU.Build.0 = Debug|Any CPU
		{A6379D0E-F89E-4386-8D7C-4FAEFE2B3114}.Release|Any CPU.ActiveCfg = Release|Any CPU
		{A6379D0E-F89E-4386-8D7C-4FAEFE2B3114}.Release|Any CPU.Build.0 = Release|Any CPU
	EndGlobalSection
	GlobalSection(SolutionProperties) = preSolution
		HideSolutionNode = FALSE
	EndGlobalSection
	GlobalSection(ExtensibilityGlobals) = postSolution
		SolutionGuid = {AA8B30C0-24E7-4D83-B267-676C9FD2D198}
	EndGlobalSection
EndGlobal
